# THIS IS AN AUTOGENERATED FILE. DO NOT EDIT THIS FILE DIRECTLY.
# yarn lockfile v1


cable_ready@^5.0.0-pre2:
  version "5.0.0-pre2"
  resolved "https://registry.yarnpkg.com/cable_ready/-/cable_ready-5.0.0-pre2.tgz#c3589ebfe28a10db3998ae3711d31a072be53bfb"
  integrity sha512-/Ql2e/Hz0kRRKzzz06sMXFm3+/qacYqSHfWkdt1CcsI7I6OOOhHzPAgY8VS+zqa/6+ggjWoPqHyi8Hr6j/0O6w==
  dependencies:
    morphdom "^2.6.1"

morphdom@^2.6.1:
  version "2.6.1"
  resolved "https://registry.yarnpkg.com/morphdom/-/morphdom-2.6.1.tgz#e868e24f989fa3183004b159aed643e628b4306e"
  integrity sha512-Y8YRbAEP3eKykroIBWrjcfMw7mmwJfjhqdpSvoqinu8Y702nAwikpXcNFDiIkyvfCLxLM9Wu95RZqo4a9jFBaA==
